Microsoft Visual Studio Solution File, Format Version 11.00
# Visual Studio 2008

Project("{61FC12D3-D84B-FD9A-D8EF-3FBCD3112415}") = "Easy Movie Texture", "Assembly-CSharp.csproj", "{84D7114D-0912-0966-B575-D4F77577BAAD}"
EndProject
Project("{61FC12D3-D84B-FD9A-D8EF-3FBCD3112415}") = "Easy Movie Texture", "Assembly-CSharp-Editor.csproj", "{2E935686-D70D-3368-F427-B1A02904ABF0}"
EndProject
Global
	GlobalSection(SolutionConfigurationPlatforms) = preSolution
		Debug|Any CPU = Debug|Any CPU
		Release|Any CPU = Release|Any CPU
	EndGlobalSection
	GlobalSection(ProjectConfigurationPlatforms) = postSolution
		{84D7114D-0912-0966-B575-D4F77577BAAD}.Debug|Any CPU.ActiveCfg = Debug|Any CPU
		{84D7114D-0912-0966-B575-D4F77577BAAD}.Debug|Any CPU.Build.0 = Debug|Any CPU
		{84D7114D-0912-0966-B575-D4F77577BAAD}.Release|Any CPU.ActiveCfg = Release|Any CPU
		{84D7114D-0912-0966-B575-D4F77577BAAD}.Release|Any CPU.Build.0 = Release|Any CPU
		{2E935686-D70D-3368-F427-B1A02904ABF0}.Debug|Any CPU.ActiveCfg = Debug|Any CPU
		{2E935686-D70D-3368-F427-B1A02904ABF0}.Debug|Any CPU.Build.0 = Debug|Any CPU
		{2E935686-D70D-3368-F427-B1A02904ABF0}.Release|Any CPU.ActiveCfg = Release|Any CPU
		{2E935686-D70D-3368-F427-B1A02904ABF0}.Release|Any CPU.Build.0 = Release|Any CPU
	EndGlobalSection
	GlobalSection(SolutionProperties) = preSolution
		HideSolutionNode = FALSE
	EndGlobalSection
	GlobalSection(MonoDevelopProperties) = preSolution
		StartupItem = Assembly-CSharp.csproj
	EndGlobalSection
EndGlobal
